
Microsoft Visual Studio Solution File, Format Version 12.00
# Visual Studio Version 16
VisualStudioVersion = 16.0.31313.79
MinimumVisualStudioVersion = 10.0.40219.1
Project("{FAE04EC0-301F-11D3-BF4B-00C04F79EFBC}") = "PolulationRegisterAPI", "PolulationRegisterAPI.csproj", "{14260068-FA49-4B58-A64D-338D45CFEE6F}"
EndProject
Project("{FAE04EC0-301F-11D3-BF4B-00C04F79EFBC}") = "BusinessLayer", "..\BusinessLayer\BusinessLayer.csproj", "{D024A7F1-1798-4397-9743-7491E4687F23}"
EndProject
Project("{FAE04EC0-301F-11D3-BF4B-00C04F79EFBC}") = "Repository", "..\Repository\Repository.csproj", "{87345DF5-EADA-41D7-B5B0-E733E0640938}"
EndProject
Project("{FAE04EC0-301F-11D3-BF4B-00C04F79EFBC}") = "BusinessModels", "..\BusinessModels\BusinessModels.csproj", "{07DA464F-B574-47F4-B15A-8D87A2E42CCE}"
EndProject
Project("{FAE04EC0-301F-11D3-BF4B-00C04F79EFBC}") = "DataAccessLayer", "..\DataAccessLayer\DataAccessLayer.csproj", "{19A51333-973E-4C87-841B-3A8A3EA7CEDF}"
EndProject
Global
	GlobalSection(SolutionConfigurationPlatforms) = preSolution
		Debug|Any CPU = Debug|Any CPU
		Release|Any CPU = Release|Any CPU
	EndGlobalSection
	GlobalSection(ProjectConfigurationPlatforms) = postSolution
		{14260068-FA49-4B58-A64D-338D45CFEE6F}.Debug|Any CPU.ActiveCfg = Debug|Any CPU
		{14260068-FA49-4B58-A64D-338D45CFEE6F}.Debug|Any CPU.Build.0 = Debug|Any CPU
		{14260068-FA49-4B58-A64D-338D45CFEE6F}.Release|Any CPU.ActiveCfg = Release|Any CPU
		{14260068-FA49-4B58-A64D-338D45CFEE6F}.Release|Any CPU.Build.0 = Release|Any CPU
		{D024A7F1-1798-4397-9743-7491E4687F23}.Debug|Any CPU.ActiveCfg = Debug|Any CPU
		{D024A7F1-1798-4397-9743-7491E4687F23}.Debug|Any CPU.Build.0 = Debug|Any CPU
		{D024A7F1-1798-4397-9743-7491E4687F23}.Release|Any CPU.ActiveCfg = Release|Any CPU
		{D024A7F1-1798-4397-9743-7491E4687F23}.Release|Any CPU.Build.0 = Release|Any CPU
		{87345DF5-EADA-41D7-B5B0-E733E0640938}.Debug|Any CPU.ActiveCfg = Debug|Any CPU
		{87345DF5-EADA-41D7-B5B0-E733E0640938}.Debug|Any CPU.Build.0 = Debug|Any CPU
		{87345DF5-EADA-41D7-B5B0-E733E0640938}.Release|Any CPU.ActiveCfg = Release|Any CPU
		{87345DF5-EADA-41D7-B5B0-E733E0640938}.Release|Any CPU.Build.0 = Release|Any CPU
		{07DA464F-B574-47F4-B15A-8D87A2E42CCE}.Debug|Any CPU.ActiveCfg = Debug|Any CPU
		{07DA464F-B574-47F4-B15A-8D87A2E42CCE}.Debug|Any CPU.Build.0 = Debug|Any CPU
		{07DA464F-B574-47F4-B15A-8D87A2E42CCE}.Release|Any CPU.ActiveCfg = Release|Any CPU
		{07DA464F-B574-47F4-B15A-8D87A2E42CCE}.Release|Any CPU.Build.0 = Release|Any CPU
		{19A51333-973E-4C87-841B-3A8A3EA7CEDF}.Debug|Any CPU.ActiveCfg = Debug|Any CPU
		{19A51333-973E-4C87-841B-3A8A3EA7CEDF}.Debug|Any CPU.Build.0 = Debug|Any CPU
		{19A51333-973E-4C87-841B-3A8A3EA7CEDF}.Release|Any CPU.ActiveCfg = Release|Any CPU
		{19A51333-973E-4C87-841B-3A8A3EA7CEDF}.Release|Any CPU.Build.0 = Release|Any CPU
	EndGlobalSection
	GlobalSection(SolutionProperties) = preSolution
		HideSolutionNode = FALSE
	EndGlobalSection
	GlobalSection(ExtensibilityGlobals) = postSolution
		SolutionGuid = {F9F0AAAE-04A4-43B2-9A38-FCE819125960}
	EndGlobalSection
EndGlobal
