
Microsoft Visual Studio Solution File, Format Version 12.00
# Visual Studio Version 16
VisualStudioVersion = 16.0.31313.79
MinimumVisualStudioVersion = 10.0.40219.1
Project("{9A19103F-16F7-4668-BE54-9A1E7A4F7556}") = "PopulationManagementAPI", "PopulationManagementAPI\PopulationManagementAPI.csproj", "{9FE72E57-511C-4F1F-9C9E-025A45966F90}"
EndProject
Project("{9A19103F-16F7-4668-BE54-9A1E7A4F7556}") = "BusinessLayer", "BusinessLayer\BusinessLayer.csproj", "{9A0B6E60-6EB0-4C55-8E26-E77555F8DDBB}"
EndProject
Project("{9A19103F-16F7-4668-BE54-9A1E7A4F7556}") = "DataAccessLayer", "DataAccessLayer\DataAccessLayer.csproj", "{F59E81D4-869F-4226-8720-B93E39C82639}"
EndProject
Project("{9A19103F-16F7-4668-BE54-9A1E7A4F7556}") = "BusinessRepository", "BusinessRepository\BusinessRepository.csproj", "{BA1CBE5B-B341-4F13-9ABC-DA7EEA5CFAAA}"
EndProject
Project("{FAE04EC0-301F-11D3-BF4B-00C04F79EFBC}") = "PopulationRegisterWeb", "PopulationRegisterWeb\PopulationRegisterWeb.csproj", "{5BBD39D5-3D2F-45FF-AD73-80ECE1B478DA}"
EndProject
Global
	GlobalSection(SolutionConfigurationPlatforms) = preSolution
		Debug|Any CPU = Debug|Any CPU
		Release|Any CPU = Release|Any CPU
	EndGlobalSection
	GlobalSection(ProjectConfigurationPlatforms) = postSolution
		{9FE72E57-511C-4F1F-9C9E-025A45966F90}.Debug|Any CPU.ActiveCfg = Debug|Any CPU
		{9FE72E57-511C-4F1F-9C9E-025A45966F90}.Debug|Any CPU.Build.0 = Debug|Any CPU
		{9FE72E57-511C-4F1F-9C9E-025A45966F90}.Release|Any CPU.ActiveCfg = Release|Any CPU
		{9FE72E57-511C-4F1F-9C9E-025A45966F90}.Release|Any CPU.Build.0 = Release|Any CPU
		{9A0B6E60-6EB0-4C55-8E26-E77555F8DDBB}.Debug|Any CPU.ActiveCfg = Debug|Any CPU
		{9A0B6E60-6EB0-4C55-8E26-E77555F8DDBB}.Debug|Any CPU.Build.0 = Debug|Any CPU
		{9A0B6E60-6EB0-4C55-8E26-E77555F8DDBB}.Release|Any CPU.ActiveCfg = Release|Any CPU
		{9A0B6E60-6EB0-4C55-8E26-E77555F8DDBB}.Release|Any CPU.Build.0 = Release|Any CPU
		{F59E81D4-869F-4226-8720-B93E39C82639}.Debug|Any CPU.ActiveCfg = Debug|Any CPU
		{F59E81D4-869F-4226-8720-B93E39C82639}.Debug|Any CPU.Build.0 = Debug|Any CPU
		{F59E81D4-869F-4226-8720-B93E39C82639}.Release|Any CPU.ActiveCfg = Release|Any CPU
		{F59E81D4-869F-4226-8720-B93E39C82639}.Release|Any CPU.Build.0 = Release|Any CPU
		{BA1CBE5B-B341-4F13-9ABC-DA7EEA5CFAAA}.Debug|Any CPU.ActiveCfg = Debug|Any CPU
		{BA1CBE5B-B341-4F13-9ABC-DA7EEA5CFAAA}.Debug|Any CPU.Build.0 = Debug|Any CPU
		{BA1CBE5B-B341-4F13-9ABC-DA7EEA5CFAAA}.Release|Any CPU.ActiveCfg = Release|Any CPU
		{BA1CBE5B-B341-4F13-9ABC-DA7EEA5CFAAA}.Release|Any CPU.Build.0 = Release|Any CPU
		{5BBD39D5-3D2F-45FF-AD73-80ECE1B478DA}.Debug|Any CPU.ActiveCfg = Debug|Any CPU
		{5BBD39D5-3D2F-45FF-AD73-80ECE1B478DA}.Debug|Any CPU.Build.0 = Debug|Any CPU
		{5BBD39D5-3D2F-45FF-AD73-80ECE1B478DA}.Release|Any CPU.ActiveCfg = Release|Any CPU
		{5BBD39D5-3D2F-45FF-AD73-80ECE1B478DA}.Release|Any CPU.Build.0 = Release|Any CPU
	EndGlobalSection
	GlobalSection(SolutionProperties) = preSolution
		HideSolutionNode = FALSE
	EndGlobalSection
	GlobalSection(ExtensibilityGlobals) = postSolution
		SolutionGuid = {F9F0AAAE-04A4-43B2-9A38-FCE819125960}
	EndGlobalSection
EndGlobal
